Microsoft Visual Studio Solution File, Format Version 12.00
# Visual Studio Version 17
VisualStudioVersion = 17.4.33122.133
MinimumVisualStudioVersion = 10.0.40219.1
Project("{9A19103F-16F7-4668-BE54-9A1E7A4F7556}") = "FooProject", "FooProject\FooProject.csproj", "{BE004510-D756-4215-AA83-E24DD37450EB}"
EndProject
Project("{2150E333-8FDC-42A3-9474-1A3956D46DE8}") = "Solution Items", "Solution Items", "{66D8313F-BC70-4E5C-9214-860E2FD8DB5E}"
	ProjectSection(SolutionItems) = preProject
		.editorconfig = .editorconfig
		Directory.Build.props = Directory.Build.props
		NuGet.Config = NuGet.Config
		README.md = README.md
	EndProjectSection
EndProject
Global
	GlobalSection(SolutionConfigurationPlatforms) = preSolution
		Debug|Any CPU = Debug|Any CPU
		Release|Any CPU = Release|Any CPU
	EndGlobalSection
	GlobalSection(ProjectConfigurationPlatforms) = postSolution
		{BE004510-D756-4215-AA83-E24DD37450EB}.Debug|Any CPU.ActiveCfg = Debug|Any CPU
		{BE004510-D756-4215-AA83-E24DD37450EB}.Debug|Any CPU.Build.0 = Debug|Any CPU
		{BE004510-D756-4215-AA83-E24DD37450EB}.Release|Any CPU.ActiveCfg = Release|Any CPU
		{BE004510-D756-4215-AA83-E24DD37450EB}.Release|Any CPU.Build.0 = Release|Any CPU
	EndGlobalSection
	GlobalSection(SolutionProperties) = preSolution
		HideSolutionNode = FALSE
	EndGlobalSection
	GlobalSection(ExtensibilityGlobals) = postSolution
		SolutionGuid = {BF822F32-DA10-4941-9671-5312BB227B05}
	EndGlobalSection
EndGlobal
